
Microsoft Visual Studio Solution File, Format Version 12.00
# Visual Studio Version 16
VisualStudioVersion = 16.0.29905.134
MinimumVisualStudioVersion = 10.0.40219.1
Project("{FAE04EC0-301F-11D3-BF4B-00C04F79EFBC}") = "Models", "Models\Models.csproj", "{8CD6F9B2-9503-4D83-B6EB-D6CE9928F701}"
EndProject
Project("{FAE04EC0-301F-11D3-BF4B-00C04F79EFBC}") = "ViewAuthorization", "ViewAuthorization\ViewAuthorization.csproj", "{72CE9918-47C9-4940-A5E1-6529C4C69AE4}"
EndProject
Project("{FAE04EC0-301F-11D3-BF4B-00C04F79EFBC}") = "Controllers", "Controllers\Controllers.csproj", "{340F7CFD-63F7-4F26-AB2B-7B5F0FE0BDAA}"
EndProject
Project("{FAE04EC0-301F-11D3-BF4B-00C04F79EFBC}") = "View", "View\View.csproj", "{26D5A8BF-26B6-4DE4-8D82-05B58CE4FB8F}"
EndProject
Global
	GlobalSection(SolutionConfigurationPlatforms) = preSolution
		Debug|Any CPU = Debug|Any CPU
		Debug|ARM = Debug|ARM
		Debug|ARM64 = Debug|ARM64
		Debug|x64 = Debug|x64
		Debug|x86 = Debug|x86
		Release|Any CPU = Release|Any CPU
		Release|ARM = Release|ARM
		Release|ARM64 = Release|ARM64
		Release|x64 = Release|x64
		Release|x86 = Release|x86
	EndGlobalSection
	GlobalSection(ProjectConfigurationPlatforms) = postSolution
		{8CD6F9B2-9503-4D83-B6EB-D6CE9928F701}.Debug|Any CPU.ActiveCfg = Debug|Any CPU
		{8CD6F9B2-9503-4D83-B6EB-D6CE9928F701}.Debug|Any CPU.Build.0 = Debug|Any CPU
		{8CD6F9B2-9503-4D83-B6EB-D6CE9928F701}.Debug|ARM.ActiveCfg = Debug|Any CPU
		{8CD6F9B2-9503-4D83-B6EB-D6CE9928F701}.Debug|ARM.Build.0 = Debug|Any CPU
		{8CD6F9B2-9503-4D83-B6EB-D6CE9928F701}.Debug|ARM64.ActiveCfg = Debug|Any CPU
		{8CD6F9B2-9503-4D83-B6EB-D6CE9928F701}.Debug|ARM64.Build.0 = Debug|Any CPU
		{8CD6F9B2-9503-4D83-B6EB-D6CE9928F701}.Debug|x64.ActiveCfg = Debug|Any CPU
		{8CD6F9B2-9503-4D83-B6EB-D6CE9928F701}.Debug|x64.Build.0 = Debug|Any CPU
		{8CD6F9B2-9503-4D83-B6EB-D6CE9928F701}.Debug|x86.ActiveCfg = Debug|Any CPU
		{8CD6F9B2-9503-4D83-B6EB-D6CE9928F701}.Debug|x86.Build.0 = Debug|Any CPU
		{8CD6F9B2-9503-4D83-B6EB-D6CE9928F701}.Release|Any CPU.ActiveCfg = Release|Any CPU
		{8CD6F9B2-9503-4D83-B6EB-D6CE9928F701}.Release|Any CPU.Build.0 = Release|Any CPU
		{8CD6F9B2-9503-4D83-B6EB-D6CE9928F701}.Release|ARM.ActiveCfg = Release|Any CPU
		{8CD6F9B2-9503-4D83-B6EB-D6CE9928F701}.Release|ARM.Build.0 = Release|Any CPU
		{8CD6F9B2-9503-4D83-B6EB-D6CE9928F701}.Release|ARM64.ActiveCfg = Release|Any CPU
		{8CD6F9B2-9503-4D83-B6EB-D6CE9928F701}.Release|ARM64.Build.0 = Release|Any CPU
		{8CD6F9B2-9503-4D83-B6EB-D6CE9928F701}.Release|x64.ActiveCfg = Release|Any CPU
		{8CD6F9B2-9503-4D83-B6EB-D6CE9928F701}.Release|x64.Build.0 = Release|Any CPU
		{8CD6F9B2-9503-4D83-B6EB-D6CE9928F701}.Release|x86.ActiveCfg = Release|Any CPU
		{8CD6F9B2-9503-4D83-B6EB-D6CE9928F701}.Release|x86.Build.0 = Release|Any CPU
		{72CE9918-47C9-4940-A5E1-6529C4C69AE4}.Debug|Any CPU.ActiveCfg = Debug|Any CPU
		{72CE9918-47C9-4940-A5E1-6529C4C69AE4}.Debug|Any CPU.Build.0 = Debug|Any CPU
		{72CE9918-47C9-4940-A5E1-6529C4C69AE4}.Debug|ARM.ActiveCfg = Debug|Any CPU
		{72CE9918-47C9-4940-A5E1-6529C4C69AE4}.Debug|ARM.Build.0 = Debug|Any CPU
		{72CE9918-47C9-4940-A5E1-6529C4C69AE4}.Debug|ARM64.ActiveCfg = Debug|Any CPU
		{72CE9918-47C9-4940-A5E1-6529C4C69AE4}.Debug|ARM64.Build.0 = Debug|Any CPU
		{72CE9918-47C9-4940-A5E1-6529C4C69AE4}.Debug|x64.ActiveCfg = Debug|Any CPU
		{72CE9918-47C9-4940-A5E1-6529C4C69AE4}.Debug|x64.Build.0 = Debug|Any CPU
		{72CE9918-47C9-4940-A5E1-6529C4C69AE4}.Debug|x86.ActiveCfg = Debug|Any CPU
		{72CE9918-47C9-4940-A5E1-6529C4C69AE4}.Debug|x86.Build.0 = Debug|Any CPU
		{72CE9918-47C9-4940-A5E1-6529C4C69AE4}.Release|Any CPU.ActiveCfg = Release|Any CPU
		{72CE9918-47C9-4940-A5E1-6529C4C69AE4}.Release|Any CPU.Build.0 = Release|Any CPU
		{72CE9918-47C9-4940-A5E1-6529C4C69AE4}.Release|ARM.ActiveCfg = Release|Any CPU
		{72CE9918-47C9-4940-A5E1-6529C4C69AE4}.Release|ARM.Build.0 = Release|Any CPU
		{72CE9918-47C9-4940-A5E1-6529C4C69AE4}.Release|ARM64.ActiveCfg = Release|Any CPU
		{72CE9918-47C9-4940-A5E1-6529C4C69AE4}.Release|ARM64.Build.0 = Release|Any CPU
		{72CE9918-47C9-4940-A5E1-6529C4C69AE4}.Release|x64.ActiveCfg = Release|Any CPU
		{72CE9918-47C9-4940-A5E1-6529C4C69AE4}.Release|x64.Build.0 = Release|Any CPU
		{72CE9918-47C9-4940-A5E1-6529C4C69AE4}.Release|x86.ActiveCfg = Release|Any CPU
		{72CE9918-47C9-4940-A5E1-6529C4C69AE4}.Release|x86.Build.0 = Release|Any CPU
		{340F7CFD-63F7-4F26-AB2B-7B5F0FE0BDAA}.Debug|Any CPU.ActiveCfg = Debug|Any CPU
		{340F7CFD-63F7-4F26-AB2B-7B5F0FE0BDAA}.Debug|Any CPU.Build.0 = Debug|Any CPU
		{340F7CFD-63F7-4F26-AB2B-7B5F0FE0BDAA}.Debug|ARM.ActiveCfg = Debug|Any CPU
		{340F7CFD-63F7-4F26-AB2B-7B5F0FE0BDAA}.Debug|ARM.Build.0 = Debug|Any CPU
		{340F7CFD-63F7-4F26-AB2B-7B5F0FE0BDAA}.Debug|ARM64.ActiveCfg = Debug|Any CPU
		{340F7CFD-63F7-4F26-AB2B-7B5F0FE0BDAA}.Debug|ARM64.Build.0 = Debug|Any CPU
		{340F7CFD-63F7-4F26-AB2B-7B5F0FE0BDAA}.Debug|x64.ActiveCfg = Debug|Any CPU
		{340F7CFD-63F7-4F26-AB2B-7B5F0FE0BDAA}.Debug|x64.Build.0 = Debug|Any CPU
		{340F7CFD-63F7-4F26-AB2B-7B5F0FE0BDAA}.Debug|x86.ActiveCfg = Debug|Any CPU
		{340F7CFD-63F7-4F26-AB2B-7B5F0FE0BDAA}.Debug|x86.Build.0 = Debug|Any CPU
		{340F7CFD-63F7-4F26-AB2B-7B5F0FE0BDAA}.Release|Any CPU.ActiveCfg = Release|Any CPU
		{340F7CFD-63F7-4F26-AB2B-7B5F0FE0BDAA}.Release|Any CPU.Build.0 = Release|Any CPU
		{340F7CFD-63F7-4F26-AB2B-7B5F0FE0BDAA}.Release|ARM.ActiveCfg = Release|Any CPU
		{340F7CFD-63F7-4F26-AB2B-7B5F0FE0BDAA}.Release|ARM.Build.0 = Release|Any CPU
		{340F7CFD-63F7-4F26-AB2B-7B5F0FE0BDAA}.Release|ARM64.ActiveCfg = Release|Any CPU
		{340F7CFD-63F7-4F26-AB2B-7B5F0FE0BDAA}.Release|ARM64.Build.0 = Release|Any CPU
		{340F7CFD-63F7-4F26-AB2B-7B5F0FE0BDAA}.Release|x64.ActiveCfg = Release|Any CPU
		{340F7CFD-63F7-4F26-AB2B-7B5F0FE0BDAA}.Release|x64.Build.0 = Release|Any CPU
		{340F7CFD-63F7-4F26-AB2B-7B5F0FE0BDAA}.Release|x86.ActiveCfg = Release|Any CPU
		{340F7CFD-63F7-4F26-AB2B-7B5F0FE0BDAA}.Release|x86.Build.0 = Release|Any CPU
		{26D5A8BF-26B6-4DE4-8D82-05B58CE4FB8F}.Debug|Any CPU.ActiveCfg = Debug|Any CPU
		{26D5A8BF-26B6-4DE4-8D82-05B58CE4FB8F}.Debug|Any CPU.Build.0 = Debug|Any CPU
		{26D5A8BF-26B6-4DE4-8D82-05B58CE4FB8F}.Debug|ARM.ActiveCfg = Debug|Any CPU
		{26D5A8BF-26B6-4DE4-8D82-05B58CE4FB8F}.Debug|ARM.Build.0 = Debug|Any CPU
		{26D5A8BF-26B6-4DE4-8D82-05B58CE4FB8F}.Debug|ARM64.ActiveCfg = Debug|Any CPU
		{26D5A8BF-26B6-4DE4-8D82-05B58CE4FB8F}.Debug|ARM64.Build.0 = Debug|Any CPU
		{26D5A8BF-26B6-4DE4-8D82-05B58CE4FB8F}.Debug|x64.ActiveCfg = Debug|Any CPU
		{26D5A8BF-26B6-4DE4-8D82-05B58CE4FB8F}.Debug|x64.Build.0 = Debug|Any CPU
		{26D5A8BF-26B6-4DE4-8D82-05B58CE4FB8F}.Debug|x86.ActiveCfg = Debug|Any CPU
		{26D5A8BF-26B6-4DE4-8D82-05B58CE4FB8F}.Debug|x86.Build.0 = Debug|Any CPU
		{26D5A8BF-26B6-4DE4-8D82-05B58CE4FB8F}.Release|Any CPU.ActiveCfg = Release|Any CPU
		{26D5A8BF-26B6-4DE4-8D82-05B58CE4FB8F}.Release|Any CPU.Build.0 = Release|Any CPU
		{26D5A8BF-26B6-4DE4-8D82-05B58CE4FB8F}.Release|ARM.ActiveCfg = Release|Any CPU
		{26D5A8BF-26B6-4DE4-8D82-05B58CE4FB8F}.Release|ARM.Build.0 = Release|Any CPU
		{26D5A8BF-26B6-4DE4-8D82-05B58CE4FB8F}.Release|ARM64.ActiveCfg = Release|Any CPU
		{26D5A8BF-26B6-4DE4-8D82-05B58CE4FB8F}.Release|ARM64.Build.0 = Release|Any CPU
		{26D5A8BF-26B6-4DE4-8D82-05B58CE4FB8F}.Release|x64.ActiveCfg = Release|Any CPU
		{26D5A8BF-26B6-4DE4-8D82-05B58CE4FB8F}.Release|x64.Build.0 = Release|Any CPU
		{26D5A8BF-26B6-4DE4-8D82-05B58CE4FB8F}.Release|x86.ActiveCfg = Release|Any CPU
		{26D5A8BF-26B6-4DE4-8D82-05B58CE4FB8F}.Release|x86.Build.0 = Release|Any CPU
	EndGlobalSection
	GlobalSection(SolutionProperties) = preSolution
		HideSolutionNode = FALSE
	EndGlobalSection
	GlobalSection(ExtensibilityGlobals) = postSolution
		SolutionGuid = {B38D5EA8-0C52-4043-95F2-15DABB4CF7AC}
	EndGlobalSection
EndGlobal
